{
  "name": "ajs_hw_3_1",
  "version": "1.0.0",
  "lockfileVersion": 2,
  "requires": true,
  "packages": {
    "": {
      "name": "ajs_hw_3_1",
      "version": "1.0.0",
      "license": "ISC",
      "dependencies": {
        "@uri752/ajs_hw_3": "^1.0.0"
      }
    },
    "node_modules/@uri752/ajs_hw_3": {
      "version": "1.0.0",
      "resolved": "https://npm.pkg.github.com/download/@uri752/ajs_hw_3/1.0.0/e58fc1e67e9aeb645c130e29918fb2b208504864",
      "integrity": "sha512-FXO0wZPVLyCy1JwTelo5uE9ZkaDa+lESLvpWnvGu4aiVOSnvttFHPwiNUNioy4uxvLyYpR3KWelJUfKzSuogBg==",
      "license": "ISC"
    }
  },
  "dependencies": {
    "@uri752/ajs_hw_3": {
      "version": "1.0.0",
      "resolved": "https://npm.pkg.github.com/download/@uri752/ajs_hw_3/1.0.0/e58fc1e67e9aeb645c130e29918fb2b208504864",
      "integrity": "sha512-FXO0wZPVLyCy1JwTelo5uE9ZkaDa+lESLvpWnvGu4aiVOSnvttFHPwiNUNioy4uxvLyYpR3KWelJUfKzSuogBg=="
    }
  }
}
